
Microsoft Visual Studio Solution File, Format Version 12.00
# Visual Studio Version 17
VisualStudioVersion = 17.0.31903.59
MinimumVisualStudioVersion = 10.0.40219.1
Project("{FAE04EC0-301F-11D3-BF4B-00C04F79EFBC}") = "App", "App\App.csproj", "{3FBFE287-DD71-4D76-9EC7-D5BB435C357F}"
EndProject
Project("{FAE04EC0-301F-11D3-BF4B-00C04F79EFBC}") = "PluginBase", "PluginBase\PluginBase.csproj", "{2EBBE47E-14D1-4CEF-B4FA-FDCF15C6AB95}"
EndProject
Project("{FAE04EC0-301F-11D3-BF4B-00C04F79EFBC}") = "TestPlugin", "TestPlugin\TestPlugin.csproj", "{8A750CB3-B362-4D2F-9A1A-2C6F7F2A59D6}"
EndProject
Global
	GlobalSection(SolutionConfigurationPlatforms) = preSolution
		Debug|Any CPU = Debug|Any CPU
		Release|Any CPU = Release|Any CPU
	EndGlobalSection
	GlobalSection(SolutionProperties) = preSolution
		HideSolutionNode = FALSE
	EndGlobalSection
	GlobalSection(ProjectConfigurationPlatforms) = postSolution
		{3FBFE287-DD71-4D76-9EC7-D5BB435C357F}.Debug|Any CPU.ActiveCfg = Debug|Any CPU
		{3FBFE287-DD71-4D76-9EC7-D5BB435C357F}.Debug|Any CPU.Build.0 = Debug|Any CPU
		{3FBFE287-DD71-4D76-9EC7-D5BB435C357F}.Release|Any CPU.ActiveCfg = Release|Any CPU
		{3FBFE287-DD71-4D76-9EC7-D5BB435C357F}.Release|Any CPU.Build.0 = Release|Any CPU
		{2EBBE47E-14D1-4CEF-B4FA-FDCF15C6AB95}.Debug|Any CPU.ActiveCfg = Debug|Any CPU
		{2EBBE47E-14D1-4CEF-B4FA-FDCF15C6AB95}.Debug|Any CPU.Build.0 = Debug|Any CPU
		{2EBBE47E-14D1-4CEF-B4FA-FDCF15C6AB95}.Release|Any CPU.ActiveCfg = Release|Any CPU
		{2EBBE47E-14D1-4CEF-B4FA-FDCF15C6AB95}.Release|Any CPU.Build.0 = Release|Any CPU
		{8A750CB3-B362-4D2F-9A1A-2C6F7F2A59D6}.Debug|Any CPU.ActiveCfg = Debug|Any CPU
		{8A750CB3-B362-4D2F-9A1A-2C6F7F2A59D6}.Debug|Any CPU.Build.0 = Debug|Any CPU
		{8A750CB3-B362-4D2F-9A1A-2C6F7F2A59D6}.Release|Any CPU.ActiveCfg = Release|Any CPU
		{8A750CB3-B362-4D2F-9A1A-2C6F7F2A59D6}.Release|Any CPU.Build.0 = Release|Any CPU
	EndGlobalSection
EndGlobal
